
Microsoft Visual Studio Solution File, Format Version 12.00
# Visual Studio 2013
VisualStudioVersion = 12.0.21005.1
MinimumVisualStudioVersion = 10.0.40219.1
Project("{2150E333-8FDC-42A3-9474-1A3956D46DE8}") = ".nuget", ".nuget", "{2F4E250F-768A-476D-8895-B1B5FC5E4170}"
	ProjectSection(SolutionItems) = preProject
		.nuget\packages.config = .nuget\packages.config
	EndProjectSection
EndProject
Project("{FAE04EC0-301F-11D3-BF4B-00C04F79EFBC}") = "Automation.Selenium.Tests.Common", "src\Automation.Selenium.Tests.Common\Automation.Selenium.Tests.Common.csproj", "{6407D825-C02E-467B-BAFF-D9B476F97E8F}"
EndProject
Project("{FAE04EC0-301F-11D3-BF4B-00C04F79EFBC}") = "Automation.Selenium.Tests.Drivers", "src\Automation.Selenium.Tests.Drivers\Automation.Selenium.Tests.Drivers.csproj", "{8F8B10FA-4488-4761-A4A3-FC0F92A874C9}"
EndProject
Project("{FAE04EC0-301F-11D3-BF4B-00C04F79EFBC}") = "Automation.Selenium.Tests.PageObjects", "src\Automation.Selenium.Tests.PageObjects\Automation.Selenium.Tests.PageObjects.csproj", "{E37B4280-2DD1-49A4-86D4-BA694914B87A}"
EndProject
Project("{FAE04EC0-301F-11D3-BF4B-00C04F79EFBC}") = "Automation.Selenium.Tests.Specs", "src\Automation.Selenium.Tests.Specs\Automation.Selenium.Tests.Specs.csproj", "{6229E769-A757-40E0-B062-F6467D2C6BCD}"
EndProject
Global
	GlobalSection(SolutionConfigurationPlatforms) = preSolution
		Debug|Any CPU = Debug|Any CPU
		Release|Any CPU = Release|Any CPU
	EndGlobalSection
	GlobalSection(ProjectConfigurationPlatforms) = postSolution
		{6407D825-C02E-467B-BAFF-D9B476F97E8F}.Debug|Any CPU.ActiveCfg = Debug|Any CPU
		{6407D825-C02E-467B-BAFF-D9B476F97E8F}.Debug|Any CPU.Build.0 = Debug|Any CPU
		{6407D825-C02E-467B-BAFF-D9B476F97E8F}.Release|Any CPU.ActiveCfg = Release|Any CPU
		{6407D825-C02E-467B-BAFF-D9B476F97E8F}.Release|Any CPU.Build.0 = Release|Any CPU
		{8F8B10FA-4488-4761-A4A3-FC0F92A874C9}.Debug|Any CPU.ActiveCfg = Debug|Any CPU
		{8F8B10FA-4488-4761-A4A3-FC0F92A874C9}.Debug|Any CPU.Build.0 = Debug|Any CPU
		{8F8B10FA-4488-4761-A4A3-FC0F92A874C9}.Release|Any CPU.ActiveCfg = Release|Any CPU
		{8F8B10FA-4488-4761-A4A3-FC0F92A874C9}.Release|Any CPU.Build.0 = Release|Any CPU
		{E37B4280-2DD1-49A4-86D4-BA694914B87A}.Debug|Any CPU.ActiveCfg = Debug|Any CPU
		{E37B4280-2DD1-49A4-86D4-BA694914B87A}.Debug|Any CPU.Build.0 = Debug|Any CPU
		{E37B4280-2DD1-49A4-86D4-BA694914B87A}.Release|Any CPU.ActiveCfg = Release|Any CPU
		{E37B4280-2DD1-49A4-86D4-BA694914B87A}.Release|Any CPU.Build.0 = Release|Any CPU
		{6229E769-A757-40E0-B062-F6467D2C6BCD}.Debug|Any CPU.ActiveCfg = Debug|Any CPU
		{6229E769-A757-40E0-B062-F6467D2C6BCD}.Debug|Any CPU.Build.0 = Debug|Any CPU
		{6229E769-A757-40E0-B062-F6467D2C6BCD}.Release|Any CPU.ActiveCfg = Release|Any CPU
		{6229E769-A757-40E0-B062-F6467D2C6BCD}.Release|Any CPU.Build.0 = Release|Any CPU
	EndGlobalSection
	GlobalSection(SolutionProperties) = preSolution
		HideSolutionNode = FALSE
	EndGlobalSection
EndGlobal
